Microsoft Visual Studio Solution File, Format Version 12.00
# Visual Studio 2013
VisualStudioVersion = 12.0.31101.0
MinimumVisualStudioVersion = 10.0.40219.1
Project("{FAE04EC0-301F-11D3-BF4B-00C04F79EFBC}") = "uScript_DLL_4", "uScript_DLL_4.csproj", "{7761F2C3-F719-A3C5-C99C-2D7E1B75A6F7}"
EndProject
Project("{FAE04EC0-301F-11D3-BF4B-00C04F79EFBC}") = "uScriptRuntime_DLL_4", "uScriptRuntime_DLL_4.csproj", "{BD28F23C-2EC1-4B74-AB69-1510EBD650EE}"
EndProject
Global
	GlobalSection(SolutionConfigurationPlatforms) = preSolution
		Debug|Any CPU = Debug|Any CPU
		Release_Detox_Store_Basic|Any CPU = Release_Detox_Store_Basic|Any CPU
		Release_Detox_Store_PLE|Any CPU = Release_Detox_Store_PLE|Any CPU
		Release_Detox_Store_Pro|Any CPU = Release_Detox_Store_Pro|Any CPU
		Release_Unity_Store_Basic|Any CPU = Release_Unity_Store_Basic|Any CPU
		Release_Unity_Store_Pro|Any CPU = Release_Unity_Store_Pro|Any CPU
		Release|Any CPU = Release|Any CPU
	EndGlobalSection
	GlobalSection(ProjectConfigurationPlatforms) = postSolution
		{7761F2C3-F719-A3C5-C99C-2D7E1B75A6F7}.Debug|Any CPU.ActiveCfg = Debug|Any CPU
		{7761F2C3-F719-A3C5-C99C-2D7E1B75A6F7}.Debug|Any CPU.Build.0 = Debug|Any CPU
		{7761F2C3-F719-A3C5-C99C-2D7E1B75A6F7}.Release_Detox_Store_Basic|Any CPU.ActiveCfg = Release_Detox_Store_Basic|Any CPU
		{7761F2C3-F719-A3C5-C99C-2D7E1B75A6F7}.Release_Detox_Store_Basic|Any CPU.Build.0 = Release_Detox_Store_Basic|Any CPU
		{7761F2C3-F719-A3C5-C99C-2D7E1B75A6F7}.Release_Detox_Store_PLE|Any CPU.ActiveCfg = Release_Detox_Store_PLE|Any CPU
		{7761F2C3-F719-A3C5-C99C-2D7E1B75A6F7}.Release_Detox_Store_PLE|Any CPU.Build.0 = Release_Detox_Store_PLE|Any CPU
		{7761F2C3-F719-A3C5-C99C-2D7E1B75A6F7}.Release_Detox_Store_Pro|Any CPU.ActiveCfg = Release_Detox_Store_Pro|Any CPU
		{7761F2C3-F719-A3C5-C99C-2D7E1B75A6F7}.Release_Detox_Store_Pro|Any CPU.Build.0 = Release_Detox_Store_Pro|Any CPU
		{7761F2C3-F719-A3C5-C99C-2D7E1B75A6F7}.Release_Unity_Store_Basic|Any CPU.ActiveCfg = Release_Unity_Store_Basic|Any CPU
		{7761F2C3-F719-A3C5-C99C-2D7E1B75A6F7}.Release_Unity_Store_Basic|Any CPU.Build.0 = Release_Unity_Store_Basic|Any CPU
		{7761F2C3-F719-A3C5-C99C-2D7E1B75A6F7}.Release_Unity_Store_Pro|Any CPU.ActiveCfg = Release_Unity_Store_Pro|Any CPU
		{7761F2C3-F719-A3C5-C99C-2D7E1B75A6F7}.Release_Unity_Store_Pro|Any CPU.Build.0 = Release_Unity_Store_Pro|Any CPU
		{7761F2C3-F719-A3C5-C99C-2D7E1B75A6F7}.Release|Any CPU.ActiveCfg = Release|Any CPU
		{7761F2C3-F719-A3C5-C99C-2D7E1B75A6F7}.Release|Any CPU.Build.0 = Release|Any CPU
		{BD28F23C-2EC1-4B74-AB69-1510EBD650EE}.Debug|Any CPU.ActiveCfg = Debug|Any CPU
		{BD28F23C-2EC1-4B74-AB69-1510EBD650EE}.Debug|Any CPU.Build.0 = Debug|Any CPU
		{BD28F23C-2EC1-4B74-AB69-1510EBD650EE}.Release_Detox_Store_Basic|Any CPU.ActiveCfg = Release_Detox_Store_Basic|Any CPU
		{BD28F23C-2EC1-4B74-AB69-1510EBD650EE}.Release_Detox_Store_Basic|Any CPU.Build.0 = Release_Detox_Store_Basic|Any CPU
		{BD28F23C-2EC1-4B74-AB69-1510EBD650EE}.Release_Detox_Store_PLE|Any CPU.ActiveCfg = Release_Detox_Store_PLE|Any CPU
		{BD28F23C-2EC1-4B74-AB69-1510EBD650EE}.Release_Detox_Store_PLE|Any CPU.Build.0 = Release_Detox_Store_PLE|Any CPU
		{BD28F23C-2EC1-4B74-AB69-1510EBD650EE}.Release_Detox_Store_Pro|Any CPU.ActiveCfg = Release_Detox_Store_Pro|Any CPU
		{BD28F23C-2EC1-4B74-AB69-1510EBD650EE}.Release_Detox_Store_Pro|Any CPU.Build.0 = Release_Detox_Store_Pro|Any CPU
		{BD28F23C-2EC1-4B74-AB69-1510EBD650EE}.Release_Unity_Store_Basic|Any CPU.ActiveCfg = Release_Unity_Store_Basic|Any CPU
		{BD28F23C-2EC1-4B74-AB69-1510EBD650EE}.Release_Unity_Store_Basic|Any CPU.Build.0 = Release_Unity_Store_Basic|Any CPU
		{BD28F23C-2EC1-4B74-AB69-1510EBD650EE}.Release_Unity_Store_Pro|Any CPU.ActiveCfg = Release_Unity_Store_Pro|Any CPU
		{BD28F23C-2EC1-4B74-AB69-1510EBD650EE}.Release_Unity_Store_Pro|Any CPU.Build.0 = Release_Unity_Store_Pro|Any CPU
		{BD28F23C-2EC1-4B74-AB69-1510EBD650EE}.Release|Any CPU.ActiveCfg = Release|Any CPU
		{BD28F23C-2EC1-4B74-AB69-1510EBD650EE}.Release|Any CPU.Build.0 = Release|Any CPU
	EndGlobalSection
	GlobalSection(SolutionProperties) = preSolution
		HideSolutionNode = FALSE
	EndGlobalSection
EndGlobal
